
Microsoft Visual Studio Solution File, Format Version 12.00
# Visual Studio Version 16
VisualStudioVersion = 16.0.32002.261
MinimumVisualStudioVersion = 10.0.40219.1
Project("{FAE04EC0-301F-11D3-BF4B-00C04F79EFBC}") = "GTAVl", "GTAVl\GTAVl.csproj", "{7BBD7582-8B79-4D77-89CD-93E0748A01D1}"
EndProject
Global
	GlobalSection(SolutionConfigurationPlatforms) = preSolution
		Debug|Any CPU = Debug|Any CPU
		Release|Any CPU = Release|Any CPU
	EndGlobalSection
	GlobalSection(ProjectConfigurationPlatforms) = postSolution
		{7BBD7582-8B79-4D77-89CD-93E0748A01D1}.Debug|Any CPU.ActiveCfg = Debug|Any CPU
		{7BBD7582-8B79-4D77-89CD-93E0748A01D1}.Debug|Any CPU.Build.0 = Debug|Any CPU
		{7BBD7582-8B79-4D77-89CD-93E0748A01D1}.Release|Any CPU.ActiveCfg = Release|Any CPU
		{7BBD7582-8B79-4D77-89CD-93E0748A01D1}.Release|Any CPU.Build.0 = Release|Any CPU
	EndGlobalSection
	GlobalSection(SolutionProperties) = preSolution
		HideSolutionNode = FALSE
	EndGlobalSection
	GlobalSection(ExtensibilityGlobals) = postSolution
		SolutionGuid = {7B004A93-12F7-45E1-A5D5-90C98F133C90}
	EndGlobalSection
EndGlobal
